
Microsoft Visual Studio Solution File, Format Version 12.00
# Visual Studio Version 16
VisualStudioVersion = 16.0.30503.244
MinimumVisualStudioVersion = 10.0.40219.1
Project("{8BC9CEB8-8B4A-11D0-8D11-00A0C91BC942}") = "Project13", "Project13\Project13.vcxproj", "{88CC10B8-8B2B-4D28-B2D2-54B718AC4DEE}"
EndProject
Global
	GlobalSection(SolutionConfigurationPlatforms) = preSolution
		Debug|x64 = Debug|x64
		Debug|x86 = Debug|x86
		Release|x64 = Release|x64
		Release|x86 = Release|x86
	EndGlobalSection
	GlobalSection(ProjectConfigurationPlatforms) = postSolution
		{88CC10B8-8B2B-4D28-B2D2-54B718AC4DEE}.Debug|x64.ActiveCfg = Debug|x64
		{88CC10B8-8B2B-4D28-B2D2-54B718AC4DEE}.Debug|x64.Build.0 = Debug|x64
		{88CC10B8-8B2B-4D28-B2D2-54B718AC4DEE}.Debug|x86.ActiveCfg = Debug|Win32
		{88CC10B8-8B2B-4D28-B2D2-54B718AC4DEE}.Debug|x86.Build.0 = Debug|Win32
		{88CC10B8-8B2B-4D28-B2D2-54B718AC4DEE}.Release|x64.ActiveCfg = Release|x64
		{88CC10B8-8B2B-4D28-B2D2-54B718AC4DEE}.Release|x64.Build.0 = Release|x64
		{88CC10B8-8B2B-4D28-B2D2-54B718AC4DEE}.Release|x86.ActiveCfg = Release|Win32
		{88CC10B8-8B2B-4D28-B2D2-54B718AC4DEE}.Release|x86.Build.0 = Release|Win32
	EndGlobalSection
	GlobalSection(SolutionProperties) = preSolution
		HideSolutionNode = FALSE
	EndGlobalSection
	GlobalSection(ExtensibilityGlobals) = postSolution
		SolutionGuid = {E567C36E-6CF3-4114-BB77-B69063952D4A}
	EndGlobalSection
EndGlobal
