
Microsoft Visual Studio Solution File, Format Version 12.00
# Visual Studio Version 16
VisualStudioVersion = 16.0.30503.244
MinimumVisualStudioVersion = 10.0.40219.1
Project("{8BC9CEB8-8B4A-11D0-8D11-00A0C91BC942}") = "InitStructArray", "InitStructArray\InitStructArray.vcxproj", "{D31DB7A4-9424-453D-85BB-F1217E8AD498}"
EndProject
Global
	GlobalSection(SolutionConfigurationPlatforms) = preSolution
		Debug|x64 = Debug|x64
		Debug|x86 = Debug|x86
		Release|x64 = Release|x64
		Release|x86 = Release|x86
	EndGlobalSection
	GlobalSection(ProjectConfigurationPlatforms) = postSolution
		{D31DB7A4-9424-453D-85BB-F1217E8AD498}.Debug|x64.ActiveCfg = Debug|x64
		{D31DB7A4-9424-453D-85BB-F1217E8AD498}.Debug|x64.Build.0 = Debug|x64
		{D31DB7A4-9424-453D-85BB-F1217E8AD498}.Debug|x86.ActiveCfg = Debug|Win32
		{D31DB7A4-9424-453D-85BB-F1217E8AD498}.Debug|x86.Build.0 = Debug|Win32
		{D31DB7A4-9424-453D-85BB-F1217E8AD498}.Release|x64.ActiveCfg = Release|x64
		{D31DB7A4-9424-453D-85BB-F1217E8AD498}.Release|x64.Build.0 = Release|x64
		{D31DB7A4-9424-453D-85BB-F1217E8AD498}.Release|x86.ActiveCfg = Release|Win32
		{D31DB7A4-9424-453D-85BB-F1217E8AD498}.Release|x86.Build.0 = Release|Win32
	EndGlobalSection
	GlobalSection(SolutionProperties) = preSolution
		HideSolutionNode = FALSE
	EndGlobalSection
	GlobalSection(ExtensibilityGlobals) = postSolution
		SolutionGuid = {0336F833-EEC2-4BD5-A793-CA54FA4D8841}
	EndGlobalSection
EndGlobal
