
Microsoft Visual Studio Solution File, Format Version 12.00
# Visual Studio Version 16
VisualStudioVersion = 16.0.30503.244
MinimumVisualStudioVersion = 10.0.40219.1
Project("{8BC9CEB8-8B4A-11D0-8D11-00A0C91BC942}") = "TextCharFileCopy", "TextCharFileCopy\TextCharFileCopy.vcxproj", "{DE87E80B-3E98-4603-BEB6-1E4612F5F494}"
EndProject
Global
	GlobalSection(SolutionConfigurationPlatforms) = preSolution
		Debug|x64 = Debug|x64
		Debug|x86 = Debug|x86
		Release|x64 = Release|x64
		Release|x86 = Release|x86
	EndGlobalSection
	GlobalSection(ProjectConfigurationPlatforms) = postSolution
		{DE87E80B-3E98-4603-BEB6-1E4612F5F494}.Debug|x64.ActiveCfg = Debug|x64
		{DE87E80B-3E98-4603-BEB6-1E4612F5F494}.Debug|x64.Build.0 = Debug|x64
		{DE87E80B-3E98-4603-BEB6-1E4612F5F494}.Debug|x86.ActiveCfg = Debug|Win32
		{DE87E80B-3E98-4603-BEB6-1E4612F5F494}.Debug|x86.Build.0 = Debug|Win32
		{DE87E80B-3E98-4603-BEB6-1E4612F5F494}.Release|x64.ActiveCfg = Release|x64
		{DE87E80B-3E98-4603-BEB6-1E4612F5F494}.Release|x64.Build.0 = Release|x64
		{DE87E80B-3E98-4603-BEB6-1E4612F5F494}.Release|x86.ActiveCfg = Release|Win32
		{DE87E80B-3E98-4603-BEB6-1E4612F5F494}.Release|x86.Build.0 = Release|Win32
	EndGlobalSection
	GlobalSection(SolutionProperties) = preSolution
		HideSolutionNode = FALSE
	EndGlobalSection
	GlobalSection(ExtensibilityGlobals) = postSolution
		SolutionGuid = {A01A1773-7203-4A45-A905-3D2E57423575}
	EndGlobalSection
EndGlobal
