
Microsoft Visual Studio Solution File, Format Version 12.00
# Visual Studio Version 16
VisualStudioVersion = 16.0.30503.244
MinimumVisualStudioVersion = 10.0.40219.1
Project("{8BC9CEB8-8B4A-11D0-8D11-00A0C91BC942}") = "22-1", "22-1\22-1.vcxproj", "{E75B9162-966B-4051-BB29-AE6963BBE64F}"
EndProject
Global
	GlobalSection(SolutionConfigurationPlatforms) = preSolution
		Debug|x64 = Debug|x64
		Debug|x86 = Debug|x86
		Release|x64 = Release|x64
		Release|x86 = Release|x86
	EndGlobalSection
	GlobalSection(ProjectConfigurationPlatforms) = postSolution
		{E75B9162-966B-4051-BB29-AE6963BBE64F}.Debug|x64.ActiveCfg = Debug|x64
		{E75B9162-966B-4051-BB29-AE6963BBE64F}.Debug|x64.Build.0 = Debug|x64
		{E75B9162-966B-4051-BB29-AE6963BBE64F}.Debug|x86.ActiveCfg = Debug|Win32
		{E75B9162-966B-4051-BB29-AE6963BBE64F}.Debug|x86.Build.0 = Debug|Win32
		{E75B9162-966B-4051-BB29-AE6963BBE64F}.Release|x64.ActiveCfg = Release|x64
		{E75B9162-966B-4051-BB29-AE6963BBE64F}.Release|x64.Build.0 = Release|x64
		{E75B9162-966B-4051-BB29-AE6963BBE64F}.Release|x86.ActiveCfg = Release|Win32
		{E75B9162-966B-4051-BB29-AE6963BBE64F}.Release|x86.Build.0 = Release|Win32
	EndGlobalSection
	GlobalSection(SolutionProperties) = preSolution
		HideSolutionNode = FALSE
	EndGlobalSection
	GlobalSection(ExtensibilityGlobals) = postSolution
		SolutionGuid = {F686C809-C86E-4DB9-BE0F-DDDA260BDB19}
	EndGlobalSection
EndGlobal
