
Microsoft Visual Studio Solution File, Format Version 12.00
# Visual Studio Version 16
VisualStudioVersion = 16.0.30503.244
MinimumVisualStudioVersion = 10.0.40219.1
Project("{8BC9CEB8-8B4A-11D0-8D11-00A0C91BC942}") = "24-1(1)", "24-1(1)\24-1(1).vcxproj", "{C2B83F76-647D-452A-86FD-ECA1D0F5F64C}"
EndProject
Global
	GlobalSection(SolutionConfigurationPlatforms) = preSolution
		Debug|x64 = Debug|x64
		Debug|x86 = Debug|x86
		Release|x64 = Release|x64
		Release|x86 = Release|x86
	EndGlobalSection
	GlobalSection(ProjectConfigurationPlatforms) = postSolution
		{C2B83F76-647D-452A-86FD-ECA1D0F5F64C}.Debug|x64.ActiveCfg = Debug|x64
		{C2B83F76-647D-452A-86FD-ECA1D0F5F64C}.Debug|x64.Build.0 = Debug|x64
		{C2B83F76-647D-452A-86FD-ECA1D0F5F64C}.Debug|x86.ActiveCfg = Debug|Win32
		{C2B83F76-647D-452A-86FD-ECA1D0F5F64C}.Debug|x86.Build.0 = Debug|Win32
		{C2B83F76-647D-452A-86FD-ECA1D0F5F64C}.Release|x64.ActiveCfg = Release|x64
		{C2B83F76-647D-452A-86FD-ECA1D0F5F64C}.Release|x64.Build.0 = Release|x64
		{C2B83F76-647D-452A-86FD-ECA1D0F5F64C}.Release|x86.ActiveCfg = Release|Win32
		{C2B83F76-647D-452A-86FD-ECA1D0F5F64C}.Release|x86.Build.0 = Release|Win32
	EndGlobalSection
	GlobalSection(SolutionProperties) = preSolution
		HideSolutionNode = FALSE
	EndGlobalSection
	GlobalSection(ExtensibilityGlobals) = postSolution
		SolutionGuid = {90968B71-24EA-4F1D-8BFF-95404DEB31B9}
	EndGlobalSection
EndGlobal
